
Microsoft Visual Studio Solution File, Format Version 12.00
# Visual Studio Version 16
VisualStudioVersion = 16.0.32228.343
MinimumVisualStudioVersion = 10.0.40219.1
Project("{F184B08F-C81C-45F6-A57F-5ABD9991F28F}") = "Grades", "Grades.vbproj", "{B87E60F5-23DD-4EA2-AC19-297A9C66BD7F}"
EndProject
Global
	GlobalSection(SolutionConfigurationPlatforms) = preSolution
		Debug|Any CPU = Debug|Any CPU
		Release|Any CPU = Release|Any CPU
	EndGlobalSection
	GlobalSection(ProjectConfigurationPlatforms) = postSolution
		{B87E60F5-23DD-4EA2-AC19-297A9C66BD7F}.Debug|Any CPU.ActiveCfg = Debug|Any CPU
		{B87E60F5-23DD-4EA2-AC19-297A9C66BD7F}.Debug|Any CPU.Build.0 = Debug|Any CPU
		{B87E60F5-23DD-4EA2-AC19-297A9C66BD7F}.Release|Any CPU.ActiveCfg = Release|Any CPU
		{B87E60F5-23DD-4EA2-AC19-297A9C66BD7F}.Release|Any CPU.Build.0 = Release|Any CPU
	EndGlobalSection
	GlobalSection(SolutionProperties) = preSolution
		HideSolutionNode = FALSE
	EndGlobalSection
	GlobalSection(ExtensibilityGlobals) = postSolution
		SolutionGuid = {49D4BF18-353C-471D-A9DE-A64C42F51289}
	EndGlobalSection
EndGlobal
